
Microsoft Visual Studio Solution File, Format Version 12.00
# Visual Studio Version 17
VisualStudioVersion = 17.13.35828.75
MinimumVisualStudioVersion = 10.0.40219.1
Project("{2150E333-8FDC-42A3-9474-1A3956D46DE8}") = "Microservicios", "Microservicios", "{02EA681E-C7D8-13C7-8484-4AC65E1B71E8}"
EndProject
Project("{FAE04EC0-301F-11D3-BF4B-00C04F79EFBC}") = "Invoice", "Microservicios\Invoice\Invoice.csproj", "{8E464C9A-B986-4855-B342-6950D1B69E3B}"
EndProject
Project("{FAE04EC0-301F-11D3-BF4B-00C04F79EFBC}") = "Customer", "Microservicios\Customer\Customer.csproj", "{6C790530-CECB-4FA3-A3C3-668C9ADD2267}"
EndProject
Project("{FAE04EC0-301F-11D3-BF4B-00C04F79EFBC}") = "Product", "Microservicios\Product\Product.csproj", "{68827F0F-DEB8-0C2A-E35A-68A1796D9507}"
EndProject
Global
	GlobalSection(SolutionConfigurationPlatforms) = preSolution
		Debug|Any CPU = Debug|Any CPU
		Release|Any CPU = Release|Any CPU
	EndGlobalSection
	GlobalSection(ProjectConfigurationPlatforms) = postSolution
		{8E464C9A-B986-4855-B342-6950D1B69E3B}.Debug|Any CPU.ActiveCfg = Debug|Any CPU
		{8E464C9A-B986-4855-B342-6950D1B69E3B}.Debug|Any CPU.Build.0 = Debug|Any CPU
		{8E464C9A-B986-4855-B342-6950D1B69E3B}.Release|Any CPU.ActiveCfg = Release|Any CPU
		{8E464C9A-B986-4855-B342-6950D1B69E3B}.Release|Any CPU.Build.0 = Release|Any CPU
		{6C790530-CECB-4FA3-A3C3-668C9ADD2267}.Debug|Any CPU.ActiveCfg = Debug|Any CPU
		{6C790530-CECB-4FA3-A3C3-668C9ADD2267}.Debug|Any CPU.Build.0 = Debug|Any CPU
		{6C790530-CECB-4FA3-A3C3-668C9ADD2267}.Release|Any CPU.ActiveCfg = Release|Any CPU
		{6C790530-CECB-4FA3-A3C3-668C9ADD2267}.Release|Any CPU.Build.0 = Release|Any CPU
		{68827F0F-DEB8-0C2A-E35A-68A1796D9507}.Debug|Any CPU.ActiveCfg = Debug|Any CPU
		{68827F0F-DEB8-0C2A-E35A-68A1796D9507}.Debug|Any CPU.Build.0 = Debug|Any CPU
		{68827F0F-DEB8-0C2A-E35A-68A1796D9507}.Release|Any CPU.ActiveCfg = Release|Any CPU
		{68827F0F-DEB8-0C2A-E35A-68A1796D9507}.Release|Any CPU.Build.0 = Release|Any CPU
	EndGlobalSection
	GlobalSection(SolutionProperties) = preSolution
		HideSolutionNode = FALSE
	EndGlobalSection
	GlobalSection(NestedProjects) = preSolution
		{8E464C9A-B986-4855-B342-6950D1B69E3B} = {02EA681E-C7D8-13C7-8484-4AC65E1B71E8}
		{6C790530-CECB-4FA3-A3C3-668C9ADD2267} = {02EA681E-C7D8-13C7-8484-4AC65E1B71E8}
		{68827F0F-DEB8-0C2A-E35A-68A1796D9507} = {02EA681E-C7D8-13C7-8484-4AC65E1B71E8}
	EndGlobalSection
	GlobalSection(ExtensibilityGlobals) = postSolution
		SolutionGuid = {0BEC1192-CED0-400E-81F9-373063496388}
	EndGlobalSection
EndGlobal
